
Microsoft Visual Studio Solution File, Format Version 12.00
# Visual Studio 15
VisualStudioVersion = 15.0.27703.2042
MinimumVisualStudioVersion = 10.0.40219.1
Project("{FAE04EC0-301F-11D3-BF4B-00C04F79EFBC}") = "CalculatorMethods", "CalculatorMethods\CalculatorMethods.csproj", "{6FFC8AB1-B782-48F5-9AD0-7DCE1D6A714F}"
EndProject
Global
	GlobalSection(SolutionConfigurationPlatforms) = preSolution
		Debug|Any CPU = Debug|Any CPU
		Release|Any CPU = Release|Any CPU
	EndGlobalSection
	GlobalSection(ProjectConfigurationPlatforms) = postSolution
		{6FFC8AB1-B782-48F5-9AD0-7DCE1D6A714F}.Debug|Any CPU.ActiveCfg = Debug|Any CPU
		{6FFC8AB1-B782-48F5-9AD0-7DCE1D6A714F}.Debug|Any CPU.Build.0 = Debug|Any CPU
		{6FFC8AB1-B782-48F5-9AD0-7DCE1D6A714F}.Release|Any CPU.ActiveCfg = Release|Any CPU
		{6FFC8AB1-B782-48F5-9AD0-7DCE1D6A714F}.Release|Any CPU.Build.0 = Release|Any CPU
	EndGlobalSection
	GlobalSection(SolutionProperties) = preSolution
		HideSolutionNode = FALSE
	EndGlobalSection
	GlobalSection(ExtensibilityGlobals) = postSolution
		SolutionGuid = {21CF7CE9-863A-4638-B720-54A4F0522B92}
	EndGlobalSection
EndGlobal
